{
  "version": 4,
  "terraform_version": "0.12.10",
  "serial": 28,
  "lineage": "f045baed-c4bf-0d6c-dd1e-00ef1bf526c9",
  "outputs": {},
  "resources": [
    {
      "mode": "managed",
      "type": "azurerm_network_interface",
      "name": "nic",
      "provider": "provider.azurerm",
      "instances": [
        {
          "schema_version": 0,
          "attributes": {
            "applied_dns_servers": [],
            "dns_servers": [],
            "enable_accelerated_networking": false,
            "enable_ip_forwarding": false,
            "id": "/subscriptions/2cec41c1-85cb-41c7-8697-3c979261f45b/resourceGroups/tf-test-rg/providers/Microsoft.Network/networkInterfaces/tfvm-eus-NIC",
            "internal_dns_name_label": "",
            "internal_fqdn": "",
            "ip_configuration": [
              {
                "application_gateway_backend_address_pools_ids": [],
                "application_security_group_ids": [],
                "load_balancer_backend_address_pools_ids": [],
                "load_balancer_inbound_nat_rules_ids": [],
                "name": "tfvm-eus-NICConfg",
                "primary": true,
                "private_ip_address": "",
                "private_ip_address_allocation": "dynamic",
                "private_ip_address_version": "IPv4",
                "public_ip_address_id": "/subscriptions/2cec41c1-85cb-41c7-8697-3c979261f45b/resourceGroups/tf-test-rg/providers/Microsoft.Network/publicIPAddresses/tf-PublicIP",
                "subnet_id": "/subscriptions/2cec41c1-85cb-41c7-8697-3c979261f45b/resourceGroups/tf-test-rg/providers/Microsoft.Network/virtualNetworks/tfvm-eus-Vnet/subnets/tfvm-eus-Subnet"
              }
            ],
            "location": "westus",
            "mac_address": "",
            "name": "tfvm-eus-NIC",
            "network_security_group_id": "/subscriptions/2cec41c1-85cb-41c7-8697-3c979261f45b/resourceGroups/tf-test-rg/providers/Microsoft.Network/networkSecurityGroups/tfvm-eus-NSG",
            "private_ip_address": "10.0.1.4",
            "private_ip_addresses": [
              "10.0.1.4"
            ],
            "resource_group_name": "tf-test-rg",
            "tags": {},
            "virtual_machine_id": null
          },
          "depends_on": [
            "azurerm_network_security_group.nsg",
            "azurerm_public_ip.publicip",
            "azurerm_resource_group.rg",
            "azurerm_subnet.subnet"
          ]
        }
      ]
    },
    {
      "mode": "managed",
      "type": "azurerm_network_security_group",
      "name": "nsg",
      "provider": "provider.azurerm",
      "instances": [
        {
          "schema_version": 0,
          "attributes": {
            "id": "/subscriptions/2cec41c1-85cb-41c7-8697-3c979261f45b/resourceGroups/tf-test-rg/providers/Microsoft.Network/networkSecurityGroups/tfvm-eus-NSG",
            "location": "westus",
            "name": "tfvm-eus-NSG",
            "resource_group_name": "tf-test-rg",
            "security_rule": [
              {
                "access": "Allow",
                "description": "",
                "destination_address_prefix": "*",
                "destination_address_prefixes": [],
                "destination_application_security_group_ids": [],
                "destination_port_range": "22",
                "destination_port_ranges": [],
                "direction": "Inbound",
                "name": "SSH",
                "priority": 1001,
                "protocol": "Tcp",
                "source_address_prefix": "*",
                "source_address_prefixes": [],
                "source_application_security_group_ids": [],
                "source_port_range": "*",
                "source_port_ranges": []
              }
            ],
            "tags": {}
          },
          "depends_on": [
            "azurerm_resource_group.rg"
          ]
        }
      ]
    },
    {
      "mode": "managed",
      "type": "azurerm_public_ip",
      "name": "publicip",
      "provider": "provider.azurerm",
      "instances": [
        {
          "schema_version": 0,
          "attributes": {
            "allocation_method": "Static",
            "domain_name_label": null,
            "fqdn": null,
            "id": "/subscriptions/2cec41c1-85cb-41c7-8697-3c979261f45b/resourceGroups/tf-test-rg/providers/Microsoft.Network/publicIPAddresses/tf-PublicIP",
            "idle_timeout_in_minutes": 4,
            "ip_address": "40.78.83.116",
            "ip_version": "IPv4",
            "location": "westus",
            "name": "tf-PublicIP",
            "public_ip_address_allocation": "Static",
            "public_ip_prefix_id": null,
            "resource_group_name": "tf-test-rg",
            "reverse_fqdn": null,
            "sku": "Basic",
            "tags": {},
            "zones": []
          },
          "depends_on": [
            "azurerm_resource_group.rg"
          ]
        }
      ]
    },
    {
      "mode": "managed",
      "type": "azurerm_resource_group",
      "name": "rg",
      "provider": "provider.azurerm",
      "instances": [
        {
          "schema_version": 0,
          "attributes": {
            "id": "/subscriptions/2cec41c1-85cb-41c7-8697-3c979261f45b/resourceGroups/tf-test-rg",
            "location": "westus",
            "name": "tf-test-rg",
            "tags": {
              "Environment": "terraform getting started",
              "Team": "Devops"
            }
          }
        }
      ]
    },
    {
      "mode": "managed",
      "type": "azurerm_subnet",
      "name": "subnet",
      "provider": "provider.azurerm",
      "instances": [
        {
          "schema_version": 0,
          "attributes": {
            "address_prefix": "10.0.1.0/24",
            "delegation": [],
            "id": "/subscriptions/2cec41c1-85cb-41c7-8697-3c979261f45b/resourceGroups/tf-test-rg/providers/Microsoft.Network/virtualNetworks/tfvm-eus-Vnet/subnets/tfvm-eus-Subnet",
            "ip_configurations": [
              "/subscriptions/2cec41c1-85cb-41c7-8697-3c979261f45b/resourceGroups/tf-test-rg/providers/Microsoft.Network/networkInterfaces/tfvm-eus-NIC/ipConfigurations/tfvm-eus-NICConfg"
            ],
            "name": "tfvm-eus-Subnet",
            "network_security_group_id": "",
            "resource_group_name": "tf-test-rg",
            "route_table_id": "",
            "service_endpoints": [],
            "virtual_network_name": "tfvm-eus-Vnet"
          },
          "depends_on": [
            "azurerm_resource_group.rg",
            "azurerm_virtual_network.vnet"
          ]
        }
      ]
    },
    {
      "mode": "managed",
      "type": "azurerm_virtual_network",
      "name": "vnet",
      "provider": "provider.azurerm",
      "instances": [
        {
          "schema_version": 0,
          "attributes": {
            "address_space": [
              "10.0.0.0/16"
            ],
            "ddos_protection_plan": [],
            "dns_servers": [],
            "id": "/subscriptions/2cec41c1-85cb-41c7-8697-3c979261f45b/resourceGroups/tf-test-rg/providers/Microsoft.Network/virtualNetworks/tfvm-eus-Vnet",
            "location": "westus",
            "name": "tfvm-eus-Vnet",
            "resource_group_name": "tf-test-rg",
            "subnet": [
              {
                "address_prefix": "10.0.1.0/24",
                "id": "/subscriptions/2cec41c1-85cb-41c7-8697-3c979261f45b/resourceGroups/tf-test-rg/providers/Microsoft.Network/virtualNetworks/tfvm-eus-Vnet/subnets/tfvm-eus-Subnet",
                "name": "tfvm-eus-Subnet",
                "security_group": ""
              }
            ],
            "tags": {}
          },
          "depends_on": [
            "azurerm_resource_group.rg"
          ]
        }
      ]
    }
  ]
}
